{
  "name": "rx",
  "version": "1.0.0",
  "lockfileVersion": 1,
  "requires": true,
  "dependencies": {
    "immutable": {
      "version": "3.8.2",
      "resolved": "http://registry.npm.taobao.org/immutable/download/immutable-3.8.2.tgz",
      "integrity": "sha1-wkOZUUVbs5kT2vKBN28VMOEErfM="
    },
    "rxjs": {
      "version": "5.5.2",
      "resolved": "http://registry.npm.taobao.org/rxjs/download/rxjs-5.5.2.tgz",
      "integrity": "sha1-KNQD8AcRIZZ/GK1mVWMlXVQjasM=",
      "requires": {
        "symbol-observable": "1.0.4"
      }
    },
    "symbol-observable": {
      "version": "1.0.4",
      "resolved": "http://registry.npm.taobao.org/symbol-observable/download/symbol-observable-1.0.4.tgz",
      "integrity": "sha1-Kb9hXUqnEhvdiYsi1LP5vE4qoD0="
    }
  }
}
